// !$*UTF8*$!
{
	archiveVersion = 1;
	classes = {
	};
	objectVersion = 77;
	objects = {

/* Begin PBXBuildFile section */
		1C0E062B66AB7BD9B2B70AF0 /* NewSessionView.swift in Sources */ = {isa = PBXBuildFile; fileRef = 4F1EB9CC831204B260BB9889 /* NewSessionView.swift */; };
		3338D730C0C3C7A4F4EB9746 /* ACPAgentApp.swift in Sources */ = {isa = PBXBuildFile; fileRef = 0DBE48C15D7460E71C2CCFFE /* ACPAgentApp.swift */; };
		5564AFFABE2D11E0CB6550C5 /* DiffCardView.swift in Sources */ = {isa = PBXBuildFile; fileRef = CCD2B811B471A20D5DBC3530 /* DiffCardView.swift */; };
		61044EDD550416BE82270823 /* ACPAgentCore in Frameworks */ = {isa = PBXBuildFile; productRef = A7221E13E49A7639D75D45B1 /* ACPAgentCore */; };
		83DA9DAAA34994226987003F /* SessionListView.swift in Sources */ = {isa = PBXBuildFile; fileRef = 8BAA10F70E570D290E471606 /* SessionListView.swift */; };
		AF2018663314F60612AA870C /* SessionDetailView.swift in Sources */ = {isa = PBXBuildFile; fileRef = 9C11C5968589418DC6FACC71 /* SessionDetailView.swift */; };
		B390A2D7837E00F1BD0A3A02 /* ServerConfigView.swift in Sources */ = {isa = PBXBuildFile; fileRef = 77C3F696FB3AC44F63289153 /* ServerConfigView.swift */; };
		D0AFD0B0E2DCC481FBBCA8CC /* SessionConfigViews.swift in Sources */ = {isa = PBXBuildFile; fileRef = AECCAE7514B6FBA263310742 /* SessionConfigViews.swift */; };
		D5D0F8E9076FE3804A1F70C0 /* RootView.swift in Sources */ = {isa = PBXBuildFile; fileRef = DEBA8DDBA3366DAD90F90D12 /* RootView.swift */; };
		ED3E575315F1B1B47026D137 /* PromptInputBar.swift in Sources */ = {isa = PBXBuildFile; fileRef = E41A5697DA6DB07D3073297A /* PromptInputBar.swift */; };
/* End PBXBuildFile section */

/* Begin PBXFileReference section */
		0DBE48C15D7460E71C2CCFFE /* ACPAgentApp.swift */ = {isa = PBXFileReference; lastKnownFileType = sourcecode.swift; path = ACPAgentApp.swift; sourceTree = "<group>"; };
		186844A79968E5F1BE54C4D9 /* ACPAgent.app */ = {isa = PBXFileReference; includeInIndex = 0; lastKnownFileType = wrapper.application; path = ACPAgent.app; sourceTree = BUILT_PRODUCTS_DIR; };
		4F1EB9CC831204B260BB9889 /* NewSessionView.swift */ = {isa = PBXFileReference; lastKnownFileType = sourcecode.swift; path = NewSessionView.swift; sourceTree = "<group>"; };
		5657E44D08D4FCB637EC7993 /* ACPAgentKit */ = {isa = PBXFileReference; lastKnownFileType = folder; name = ACPAgentKit; path = ../ACPAgentKit; sourceTree = SOURCE_ROOT; };
		77C3F696FB3AC44F63289153 /* ServerConfigView.swift */ = {isa = PBXFileReference; lastKnownFileType = sourcecode.swift; path = ServerConfigView.swift; sourceTree = "<group>"; };
		8BAA10F70E570D290E471606 /* SessionListView.swift */ = {isa = PBXFileReference; lastKnownFileType = sourcecode.swift; path = SessionListView.swift; sourceTree = "<group>"; };
		9C11C5968589418DC6FACC71 /* SessionDetailView.swift */ = {isa = PBXFileReference; lastKnownFileType = sourcecode.swift; path = SessionDetailView.swift; sourceTree = "<group>"; };
		AECCAE7514B6FBA263310742 /* SessionConfigViews.swift */ = {isa = PBXFileReference; lastKnownFileType = sourcecode.swift; path = SessionConfigViews.swift; sourceTree = "<group>"; };
		CCD2B811B471A20D5DBC3530 /* DiffCardView.swift */ = {isa = PBXFileReference; lastKnownFileType = sourcecode.swift; path = DiffCardView.swift; sourceTree = "<group>"; };
		DEBA8DDBA3366DAD90F90D12 /* RootView.swift */ = {isa = PBXFileReference; lastKnownFileType = sourcecode.swift; path = RootView.swift; sourceTree = "<group>"; };
		E41A5697DA6DB07D3073297A /* PromptInputBar.swift */ = {isa = PBXFileReference; lastKnownFileType = sourcecode.swift; path = PromptInputBar.swift; sourceTree = "<group>"; };
/* End PBXFileReference section */

/* Begin PBXFrameworksBuildPhase section */
		195D16D1E7D5170C05D434E9 /* Frameworks */ = {
			isa = PBXFrameworksBuildPhase;
			buildActionMask = 2147483647;
			files = (
				61044EDD550416BE82270823 /* ACPAgentCore in Frameworks */,
			);
			runOnlyForDeploymentPostprocessing = 0;
		};
/* End PBXFrameworksBuildPhase section */

/* Begin PBXGroup section */
		035F773369675B9763B8EB0F /* Products */ = {
			isa = PBXGroup;
			children = (
				186844A79968E5F1BE54C4D9 /* ACPAgent.app */,
			);
			name = Products;
			sourceTree = "<group>";
		};
		328F260A2BA42F237AFEB6A1 = {
			isa = PBXGroup;
			children = (
				B03699272174FF9995F6C095 /* ACPAgent */,
				F07BB44796B97767392594C5 /* Packages */,
				035F773369675B9763B8EB0F /* Products */,
			);
			sourceTree = "<group>";
		};
		B03699272174FF9995F6C095 /* ACPAgent */ = {
			isa = PBXGroup;
			children = (
				0DBE48C15D7460E71C2CCFFE /* ACPAgentApp.swift */,
				CCD2B811B471A20D5DBC3530 /* DiffCardView.swift */,
				4F1EB9CC831204B260BB9889 /* NewSessionView.swift */,
				E41A5697DA6DB07D3073297A /* PromptInputBar.swift */,
				DEBA8DDBA3366DAD90F90D12 /* RootView.swift */,
				77C3F696FB3AC44F63289153 /* ServerConfigView.swift */,
				AECCAE7514B6FBA263310742 /* SessionConfigViews.swift */,
				9C11C5968589418DC6FACC71 /* SessionDetailView.swift */,
				8BAA10F70E570D290E471606 /* SessionListView.swift */,
			);
			path = ACPAgent;
			sourceTree = "<group>";
		};
		F07BB44796B97767392594C5 /* Packages */ = {
			isa = PBXGroup;
			children = (
				5657E44D08D4FCB637EC7993 /* ACPAgentKit */,
			);
			name = Packages;
			sourceTree = "<group>";
		};
/* End PBXGroup section */

/* Begin PBXNativeTarget section */
		3D92B0DED30C34E2AF0F6259 /* ACPAgent */ = {
			isa = PBXNativeTarget;
			buildConfigurationList = 2A9BC8C99576037B0F6FFEC2 /* Build configuration list for PBXNativeTarget "ACPAgent" */;
			buildPhases = (
				D4478D8D977EDC54900E256C /* Sources */,
				195D16D1E7D5170C05D434E9 /* Frameworks */,
			);
			buildRules = (
			);
			dependencies = (
			);
			name = ACPAgent;
			packageProductDependencies = (
				A7221E13E49A7639D75D45B1 /* ACPAgentCore */,
			);
			productName = ACPAgent;
			productReference = 186844A79968E5F1BE54C4D9 /* ACPAgent.app */;
			productType = "com.apple.product-type.application";
		};
/* End PBXNativeTarget section */

/* Begin PBXProject section */
		15A44DFF5382D6C74B91640A /* Project object */ = {
			isa = PBXProject;
			attributes = {
				BuildIndependentTargetsInParallel = YES;
				LastUpgradeCheck = 1430;
				TargetAttributes = {
					3D92B0DED30C34E2AF0F6259 = {
						DevelopmentTeam = "$(ACP_DEVELOPMENT_TEAM)";
						ProvisioningStyle = Automatic;
					};
				};
			};
			buildConfigurationList = B444B465FA4C81245C924B62 /* Build configuration list for PBXProject "ACPAgent" */;
			developmentRegion = en;
			hasScannedForEncodings = 0;
			knownRegions = (
				Base,
				en,
			);
			mainGroup = 328F260A2BA42F237AFEB6A1;
			minimizedProjectReferenceProxies = 1;
			packageReferences = (
				8F91B2F6D8F828654C8D44B2 /* XCLocalSwiftPackageReference "../ACPAgentKit" */,
			);
			preferredProjectObjectVersion = 77;
			productRefGroup = 035F773369675B9763B8EB0F /* Products */;
			projectDirPath = "";
			projectRoot = "";
			targets = (
				3D92B0DED30C34E2AF0F6259 /* ACPAgent */,
			);
		};
/* End PBXProject section */

/* Begin PBXSourcesBuildPhase section */
		D4478D8D977EDC54900E256C /* Sources */ = {
			isa = PBXSourcesBuildPhase;
			buildActionMask = 2147483647;
			files = (
				3338D730C0C3C7A4F4EB9746 /* ACPAgentApp.swift in Sources */,
				5564AFFABE2D11E0CB6550C5 /* DiffCardView.swift in Sources */,
				1C0E062B66AB7BD9B2B70AF0 /* NewSessionView.swift in Sources */,
				ED3E575315F1B1B47026D137 /* PromptInputBar.swift in Sources */,
				D5D0F8E9076FE3804A1F70C0 /* RootView.swift in Sources */,
				B390A2D7837E00F1BD0A3A02 /* ServerConfigView.swift in Sources */,
				D0AFD0B0E2DCC481FBBCA8CC /* SessionConfigViews.swift in Sources */,
				AF2018663314F60612AA870C /* SessionDetailView.swift in Sources */,
				83DA9DAAA34994226987003F /* SessionListView.swift in Sources */,
			);
			runOnlyForDeploymentPostprocessing = 0;
		};
/* End PBXSourcesBuildPhase section */

/* Begin XCBuildConfiguration section */
		7E4C1041228E500D028B5EFB /* Release */ = {
			isa = XCBuildConfiguration;
			buildSettings = {
				ASSETCATALOG_COMPILER_APPICON_NAME = AppIcon;
				CODE_SIGN_IDENTITY = "iPhone Developer";
				CODE_SIGN_STYLE = Automatic;
				CURRENT_PROJECT_VERSION = 1;
				ENABLE_PREVIEWS = YES;
				INFOPLIST_FILE = Info.plist;
				INFOPLIST_KEY_UIApplicationSceneManifest_Generation = YES;
				INFOPLIST_KEY_UILaunchScreen_Generation = YES;
				INFOPLIST_KEY_UISupportedInterfaceOrientations_iPad = "UIInterfaceOrientationPortrait UIInterfaceOrientationPortraitUpsideDown UIInterfaceOrientationLandscapeLeft UIInterfaceOrientationLandscapeRight";
				INFOPLIST_KEY_UISupportedInterfaceOrientations_iPhone = UIInterfaceOrientationPortrait;
				LD_RUNPATH_SEARCH_PATHS = (
					"$(inherited)",
					"@executable_path/Frameworks",
				);
				MARKETING_VERSION = 0.1.0;
				PRODUCT_BUNDLE_IDENTIFIER = "com.acp-agent.ios";
				SDKROOT = iphoneos;
				TARGETED_DEVICE_FAMILY = "1,2";
			};
			name = Release;
		};
		8BC6CC53AD3022BD35BC318E /* Release */ = {
			isa = XCBuildConfiguration;
			buildSettings = {
				ALWAYS_SEARCH_USER_PATHS = NO;
				CLANG_ANALYZER_NONNULL = YES;
				CLANG_ANALYZER_NUMBER_OBJECT_CONVERSION = YES_AGGRESSIVE;
				CLANG_CXX_LANGUAGE_STANDARD = "gnu++14";
				CLANG_CXX_LIBRARY = "libc++";
				CLANG_ENABLE_MODULES = YES;
				CLANG_ENABLE_OBJC_ARC = YES;
				CLANG_ENABLE_OBJC_WEAK = YES;
				CLANG_WARN_BLOCK_CAPTURE_AUTORELEASING = YES;
				CLANG_WARN_BOOL_CONVERSION = YES;
				CLANG_WARN_COMMA = YES;
				CLANG_WARN_CONSTANT_CONVERSION = YES;
				CLANG_WARN_DEPRECATED_OBJC_IMPLEMENTATIONS = YES;
				CLANG_WARN_DIRECT_OBJC_ISA_USAGE = YES_ERROR;
				CLANG_WARN_DOCUMENTATION_COMMENTS = YES;
				CLANG_WARN_EMPTY_BODY = YES;
				CLANG_WARN_ENUM_CONVERSION = YES;
				CLANG_WARN_INFINITE_RECURSION = YES;
				CLANG_WARN_INT_CONVERSION = YES;
				CLANG_WARN_NON_LITERAL_NULL_CONVERSION = YES;
				CLANG_WARN_OBJC_IMPLICIT_RETAIN_SELF = YES;
				CLANG_WARN_OBJC_LITERAL_CONVERSION = YES;
				CLANG_WARN_OBJC_ROOT_CLASS = YES_ERROR;
				CLANG_WARN_QUOTED_INCLUDE_IN_FRAMEWORK_HEADER = YES;
				CLANG_WARN_RANGE_LOOP_ANALYSIS = YES;
				CLANG_WARN_STRICT_PROTOTYPES = YES;
				CLANG_WARN_SUSPICIOUS_MOVE = YES;
				CLANG_WARN_UNGUARDED_AVAILABILITY = YES_AGGRESSIVE;
				CLANG_WARN_UNREACHABLE_CODE = YES;
				CLANG_WARN__DUPLICATE_METHOD_MATCH = YES;
				COPY_PHASE_STRIP = NO;
				DEBUG_INFORMATION_FORMAT = "dwarf-with-dsym";
				DEVELOPMENT_TEAM = "$(ACP_DEVELOPMENT_TEAM)";
				ENABLE_NS_ASSERTIONS = NO;
				ENABLE_STRICT_OBJC_MSGSEND = YES;
				GCC_C_LANGUAGE_STANDARD = gnu11;
				GCC_NO_COMMON_BLOCKS = YES;
				GCC_WARN_64_TO_32_BIT_CONVERSION = YES;
				GCC_WARN_ABOUT_RETURN_TYPE = YES_ERROR;
				GCC_WARN_UNDECLARED_SELECTOR = YES;
				GCC_WARN_UNINITIALIZED_AUTOS = YES_AGGRESSIVE;
				GCC_WARN_UNUSED_FUNCTION = YES;
				GCC_WARN_UNUSED_VARIABLE = YES;
				IPHONEOS_DEPLOYMENT_TARGET = 17.0;
				MTL_ENABLE_DEBUG_INFO = NO;
				MTL_FAST_MATH = YES;
				PRODUCT_NAME = "$(TARGET_NAME)";
				SDKROOT = iphoneos;
				SWIFT_COMPILATION_MODE = wholemodule;
				SWIFT_OPTIMIZATION_LEVEL = "-O";
				SWIFT_VERSION = 6;
				TARGETED_DEVICE_FAMILY = 1;
			};
			name = Release;
		};
		C2565184CA34CD63F09D5FEF /* Debug */ = {
			isa = XCBuildConfiguration;
			buildSettings = {
				ALWAYS_SEARCH_USER_PATHS = NO;
				CLANG_ANALYZER_NONNULL = YES;
				CLANG_ANALYZER_NUMBER_OBJECT_CONVERSION = YES_AGGRESSIVE;
				CLANG_CXX_LANGUAGE_STANDARD = "gnu++14";
				CLANG_CXX_LIBRARY = "libc++";
				CLANG_ENABLE_MODULES = YES;
				CLANG_ENABLE_OBJC_ARC = YES;
				CLANG_ENABLE_OBJC_WEAK = YES;
				CLANG_WARN_BLOCK_CAPTURE_AUTORELEASING = YES;
				CLANG_WARN_BOOL_CONVERSION = YES;
				CLANG_WARN_COMMA = YES;
				CLANG_WARN_CONSTANT_CONVERSION = YES;
				CLANG_WARN_DEPRECATED_OBJC_IMPLEMENTATIONS = YES;
				CLANG_WARN_DIRECT_OBJC_ISA_USAGE = YES_ERROR;
				CLANG_WARN_DOCUMENTATION_COMMENTS = YES;
				CLANG_WARN_EMPTY_BODY = YES;
				CLANG_WARN_ENUM_CONVERSION = YES;
				CLANG_WARN_INFINITE_RECURSION = YES;
				CLANG_WARN_INT_CONVERSION = YES;
				CLANG_WARN_NON_LITERAL_NULL_CONVERSION = YES;
				CLANG_WARN_OBJC_IMPLICIT_RETAIN_SELF = YES;
				CLANG_WARN_OBJC_LITERAL_CONVERSION = YES;
				CLANG_WARN_OBJC_ROOT_CLASS = YES_ERROR;
				CLANG_WARN_QUOTED_INCLUDE_IN_FRAMEWORK_HEADER = YES;
				CLANG_WARN_RANGE_LOOP_ANALYSIS = YES;
				CLANG_WARN_STRICT_PROTOTYPES = YES;
				CLANG_WARN_SUSPICIOUS_MOVE = YES;
				CLANG_WARN_UNGUARDED_AVAILABILITY = YES_AGGRESSIVE;
				CLANG_WARN_UNREACHABLE_CODE = YES;
				CLANG_WARN__DUPLICATE_METHOD_MATCH = YES;
				COPY_PHASE_STRIP = NO;
				DEBUG_INFORMATION_FORMAT = dwarf;
				DEVELOPMENT_TEAM = "$(ACP_DEVELOPMENT_TEAM)";
				ENABLE_STRICT_OBJC_MSGSEND = YES;
				ENABLE_TESTABILITY = YES;
				GCC_C_LANGUAGE_STANDARD = gnu11;
				GCC_DYNAMIC_NO_PIC = NO;
				GCC_NO_COMMON_BLOCKS = YES;
				GCC_OPTIMIZATION_LEVEL = 0;
				GCC_PREPROCESSOR_DEFINITIONS = (
					"$(inherited)",
					"DEBUG=1",
				);
				GCC_WARN_64_TO_32_BIT_CONVERSION = YES;
				GCC_WARN_ABOUT_RETURN_TYPE = YES_ERROR;
				GCC_WARN_UNDECLARED_SELECTOR = YES;
				GCC_WARN_UNINITIALIZED_AUTOS = YES_AGGRESSIVE;
				GCC_WARN_UNUSED_FUNCTION = YES;
				GCC_WARN_UNUSED_VARIABLE = YES;
				IPHONEOS_DEPLOYMENT_TARGET = 17.0;
				MTL_ENABLE_DEBUG_INFO = INCLUDE_SOURCE;
				MTL_FAST_MATH = YES;
				ONLY_ACTIVE_ARCH = YES;
				PRODUCT_NAME = "$(TARGET_NAME)";
				SDKROOT = iphoneos;
				SWIFT_ACTIVE_COMPILATION_CONDITIONS = DEBUG;
				SWIFT_OPTIMIZATION_LEVEL = "-Onone";
				SWIFT_VERSION = 6;
				TARGETED_DEVICE_FAMILY = 1;
			};
			name = Debug;
		};
		EEA47B7F70A6F2B4AA7E2F15 /* Debug */ = {
			isa = XCBuildConfiguration;
			buildSettings = {
				ASSETCATALOG_COMPILER_APPICON_NAME = AppIcon;
				CODE_SIGN_IDENTITY = "iPhone Developer";
				CODE_SIGN_STYLE = Automatic;
				CURRENT_PROJECT_VERSION = 1;
				ENABLE_PREVIEWS = YES;
				INFOPLIST_FILE = Info.plist;
				INFOPLIST_KEY_UIApplicationSceneManifest_Generation = YES;
				INFOPLIST_KEY_UILaunchScreen_Generation = YES;
				INFOPLIST_KEY_UISupportedInterfaceOrientations_iPad = "UIInterfaceOrientationPortrait UIInterfaceOrientationPortraitUpsideDown UIInterfaceOrientationLandscapeLeft UIInterfaceOrientationLandscapeRight";
				INFOPLIST_KEY_UISupportedInterfaceOrientations_iPhone = UIInterfaceOrientationPortrait;
				LD_RUNPATH_SEARCH_PATHS = (
					"$(inherited)",
					"@executable_path/Frameworks",
				);
				MARKETING_VERSION = 0.1.0;
				PRODUCT_BUNDLE_IDENTIFIER = "com.acp-agent.ios";
				SDKROOT = iphoneos;
				TARGETED_DEVICE_FAMILY = "1,2";
			};
			name = Debug;
		};
/* End XCBuildConfiguration section */

/* Begin XCConfigurationList section */
		2A9BC8C99576037B0F6FFEC2 /* Build configuration list for PBXNativeTarget "ACPAgent" */ = {
			isa = XCConfigurationList;
			buildConfigurations = (
				EEA47B7F70A6F2B4AA7E2F15 /* Debug */,
				7E4C1041228E500D028B5EFB /* Release */,
			);
			defaultConfigurationIsVisible = 0;
			defaultConfigurationName = Debug;
		};
		B444B465FA4C81245C924B62 /* Build configuration list for PBXProject "ACPAgent" */ = {
			isa = XCConfigurationList;
			buildConfigurations = (
				C2565184CA34CD63F09D5FEF /* Debug */,
				8BC6CC53AD3022BD35BC318E /* Release */,
			);
			defaultConfigurationIsVisible = 0;
			defaultConfigurationName = Debug;
		};
/* End XCConfigurationList section */

/* Begin XCLocalSwiftPackageReference section */
		8F91B2F6D8F828654C8D44B2 /* XCLocalSwiftPackageReference "../ACPAgentKit" */ = {
			isa = XCLocalSwiftPackageReference;
			relativePath = ../ACPAgentKit;
		};
/* End XCLocalSwiftPackageReference section */

/* Begin XCSwiftPackageProductDependency section */
		A7221E13E49A7639D75D45B1 /* ACPAgentCore */ = {
			isa = XCSwiftPackageProductDependency;
			productName = ACPAgentCore;
		};
/* End XCSwiftPackageProductDependency section */
	};
	rootObject = 15A44DFF5382D6C74B91640A /* Project object */;
}
